
Microsoft Visual Studio Solution File, Format Version 12.00
# Visual Studio Version 16
VisualStudioVersion = 16.0.31004.235
MinimumVisualStudioVersion = 10.0.40219.1
Project("{9A19103F-16F7-4668-BE54-9A1E7A4F7556}") = "VolunteerComputing.Client", "VolunteerComputing.Client\VolunteerComputing.Client.csproj", "{E8B3282B-65D7-4F3C-B38B-E580AC404353}"
EndProject
Project("{9A19103F-16F7-4668-BE54-9A1E7A4F7556}") = "VolunteerComputing.TaskServer", "VolunteerComputing.TaskServer\VolunteerComputing.TaskServer.csproj", "{DD840021-0498-4EFD-AE4B-F90280901BC0}"
EndProject
Project("{9A19103F-16F7-4668-BE54-9A1E7A4F7556}") = "VolunteerComputing.ManagementServer.Server", "VolunteerComputing.ManagementServer\Server\VolunteerComputing.ManagementServer.Server.csproj", "{E4FE2D80-379F-4140-9E09-14A753E835D6}"
EndProject
Project("{9A19103F-16F7-4668-BE54-9A1E7A4F7556}") = "VolunteerComputing.ManagementServer.Client", "VolunteerComputing.ManagementServer\Client\VolunteerComputing.ManagementServer.Client.csproj", "{08AD94B7-A45E-405B-B9DD-1B85EF31A85A}"
EndProject
Project("{9A19103F-16F7-4668-BE54-9A1E7A4F7556}") = "VolunteerComputing.Shared", "VolunteerComputing.ManagementServer\Shared\VolunteerComputing.Shared.csproj", "{A82DF35E-954C-4568-B2C8-38C8ADA7DCB6}"
EndProject
Project("{2150E333-8FDC-42A3-9474-1A3956D46DE8}") = "CollatzExample", "CollatzExample", "{866FD197-F891-4D45-9005-C3A1F823A76E}"
EndProject
Project("{9A19103F-16F7-4668-BE54-9A1E7A4F7556}") = "Collatz.Generator", "CollatzExample\Collatz.Generator\Collatz.Generator.csproj", "{5CDB1949-62F3-4253-BAEA-93BE3CEE441B}"
EndProject
Project("{9A19103F-16F7-4668-BE54-9A1E7A4F7556}") = "VolunteerComputing.ImplementationHelpers", "VolunteerComputing.ImplementationHelpers\VolunteerComputing.ImplementationHelpers.csproj", "{300B9D42-FBFA-475B-A62D-BCCF2DC169AF}"
EndProject
Project("{9A19103F-16F7-4668-BE54-9A1E7A4F7556}") = "Collatz.Shared", "CollatzExample\Collatz.Common\Collatz.Shared.csproj", "{D444970D-D156-4D92-9778-041643909E72}"
EndProject
Project("{9A19103F-16F7-4668-BE54-9A1E7A4F7556}") = "Collatz.Calculator", "CollatzExample\Collatz.Calculator\Collatz.Calculator.csproj", "{708FEE82-CB2F-49A4-AC88-5B424DD2279A}"
EndProject
Project("{9A19103F-16F7-4668-BE54-9A1E7A4F7556}") = "Collatz.Merger", "CollatzExample\Collatz.Merger\Collatz.Merger.csproj", "{585653BD-1EA1-4950-AD16-EC0633BB8EB5}"
EndProject
Project("{9A19103F-16F7-4668-BE54-9A1E7A4F7556}") = "VolunteerComputing.Awaiter", "VolunteerComputing.Awaiter\VolunteerComputing.Awaiter.csproj", "{556D40E9-1F3B-40AB-909F-060FECFCE109}"
EndProject
Project("{2150E333-8FDC-42A3-9474-1A3956D46DE8}") = "PrimeExample", "PrimeExample", "{CBA05720-48BE-43B0-BA10-4D09DCF518A7}"
EndProject
Project("{9A19103F-16F7-4668-BE54-9A1E7A4F7556}") = "Prime.Calculator", "PrimeExample\Prime.Calculator\Prime.Calculator.csproj", "{3B392152-D211-4E2A-A1FE-00189C0C26AD}"
EndProject
Project("{9A19103F-16F7-4668-BE54-9A1E7A4F7556}") = "Prime.CalculatorGpu", "PrimeExample\Prime.CalculatorGpu\Prime.CalculatorGpu.csproj", "{FF81A90F-2788-4D99-ADFB-5E3A8FC52691}"
EndProject
Project("{9A19103F-16F7-4668-BE54-9A1E7A4F7556}") = "Prime.Shared", "PrimeExample\Prime.Shared\Prime.Shared.csproj", "{169EF564-F9AB-4D85-99AB-A526AC16421A}"
EndProject
Project("{9A19103F-16F7-4668-BE54-9A1E7A4F7556}") = "Prime.Merger", "PrimeExample\Prime.Merger\Prime.Merger.csproj", "{5AB9A6B6-B144-41B5-98E8-B8E48934B089}"
EndProject
Project("{9A19103F-16F7-4668-BE54-9A1E7A4F7556}") = "StatsCalculator", "StatsCalculator\StatsCalculator.csproj", "{89EB05F3-404B-48F6-8672-74885C879BC2}"
EndProject
Project("{FAE04EC0-301F-11D3-BF4B-00C04F79EFBC}") = "Test", "Test\Test.csproj", "{95501D8E-B6F7-4332-A1B1-16158F243EAE}"
EndProject
Global
	GlobalSection(SolutionConfigurationPlatforms) = preSolution
		Debug|Any CPU = Debug|Any CPU
		Release|Any CPU = Release|Any CPU
	EndGlobalSection
	GlobalSection(ProjectConfigurationPlatforms) = postSolution
		{E8B3282B-65D7-4F3C-B38B-E580AC404353}.Debug|Any CPU.ActiveCfg = Debug|Any CPU
		{E8B3282B-65D7-4F3C-B38B-E580AC404353}.Debug|Any CPU.Build.0 = Debug|Any CPU
		{E8B3282B-65D7-4F3C-B38B-E580AC404353}.Release|Any CPU.ActiveCfg = Release|Any CPU
		{E8B3282B-65D7-4F3C-B38B-E580AC404353}.Release|Any CPU.Build.0 = Release|Any CPU
		{DD840021-0498-4EFD-AE4B-F90280901BC0}.Debug|Any CPU.ActiveCfg = Debug|Any CPU
		{DD840021-0498-4EFD-AE4B-F90280901BC0}.Debug|Any CPU.Build.0 = Debug|Any CPU
		{DD840021-0498-4EFD-AE4B-F90280901BC0}.Release|Any CPU.ActiveCfg = Release|Any CPU
		{DD840021-0498-4EFD-AE4B-F90280901BC0}.Release|Any CPU.Build.0 = Release|Any CPU
		{E4FE2D80-379F-4140-9E09-14A753E835D6}.Debug|Any CPU.ActiveCfg = Debug|Any CPU
		{E4FE2D80-379F-4140-9E09-14A753E835D6}.Debug|Any CPU.Build.0 = Debug|Any CPU
		{E4FE2D80-379F-4140-9E09-14A753E835D6}.Release|Any CPU.ActiveCfg = Release|Any CPU
		{E4FE2D80-379F-4140-9E09-14A753E835D6}.Release|Any CPU.Build.0 = Release|Any CPU
		{08AD94B7-A45E-405B-B9DD-1B85EF31A85A}.Debug|Any CPU.ActiveCfg = Debug|Any CPU
		{08AD94B7-A45E-405B-B9DD-1B85EF31A85A}.Debug|Any CPU.Build.0 = Debug|Any CPU
		{08AD94B7-A45E-405B-B9DD-1B85EF31A85A}.Release|Any CPU.ActiveCfg = Release|Any CPU
		{08AD94B7-A45E-405B-B9DD-1B85EF31A85A}.Release|Any CPU.Build.0 = Release|Any CPU
		{A82DF35E-954C-4568-B2C8-38C8ADA7DCB6}.Debug|Any CPU.ActiveCfg = Debug|Any CPU
		{A82DF35E-954C-4568-B2C8-38C8ADA7DCB6}.Debug|Any CPU.Build.0 = Debug|Any CPU
		{A82DF35E-954C-4568-B2C8-38C8ADA7DCB6}.Release|Any CPU.ActiveCfg = Release|Any CPU
		{A82DF35E-954C-4568-B2C8-38C8ADA7DCB6}.Release|Any CPU.Build.0 = Release|Any CPU
		{5CDB1949-62F3-4253-BAEA-93BE3CEE441B}.Debug|Any CPU.ActiveCfg = Debug|Any CPU
		{5CDB1949-62F3-4253-BAEA-93BE3CEE441B}.Debug|Any CPU.Build.0 = Debug|Any CPU
		{5CDB1949-62F3-4253-BAEA-93BE3CEE441B}.Release|Any CPU.ActiveCfg = Release|Any CPU
		{5CDB1949-62F3-4253-BAEA-93BE3CEE441B}.Release|Any CPU.Build.0 = Release|Any CPU
		{300B9D42-FBFA-475B-A62D-BCCF2DC169AF}.Debug|Any CPU.ActiveCfg = Debug|Any CPU
		{300B9D42-FBFA-475B-A62D-BCCF2DC169AF}.Debug|Any CPU.Build.0 = Debug|Any CPU
		{300B9D42-FBFA-475B-A62D-BCCF2DC169AF}.Release|Any CPU.ActiveCfg = Release|Any CPU
		{300B9D42-FBFA-475B-A62D-BCCF2DC169AF}.Release|Any CPU.Build.0 = Release|Any CPU
		{D444970D-D156-4D92-9778-041643909E72}.Debug|Any CPU.ActiveCfg = Debug|Any CPU
		{D444970D-D156-4D92-9778-041643909E72}.Debug|Any CPU.Build.0 = Debug|Any CPU
		{D444970D-D156-4D92-9778-041643909E72}.Release|Any CPU.ActiveCfg = Release|Any CPU
		{D444970D-D156-4D92-9778-041643909E72}.Release|Any CPU.Build.0 = Release|Any CPU
		{708FEE82-CB2F-49A4-AC88-5B424DD2279A}.Debug|Any CPU.ActiveCfg = Debug|Any CPU
		{708FEE82-CB2F-49A4-AC88-5B424DD2279A}.Debug|Any CPU.Build.0 = Debug|Any CPU
		{708FEE82-CB2F-49A4-AC88-5B424DD2279A}.Release|Any CPU.ActiveCfg = Release|Any CPU
		{708FEE82-CB2F-49A4-AC88-5B424DD2279A}.Release|Any CPU.Build.0 = Release|Any CPU
		{585653BD-1EA1-4950-AD16-EC0633BB8EB5}.Debug|Any CPU.ActiveCfg = Debug|Any CPU
		{585653BD-1EA1-4950-AD16-EC0633BB8EB5}.Debug|Any CPU.Build.0 = Debug|Any CPU
		{585653BD-1EA1-4950-AD16-EC0633BB8EB5}.Release|Any CPU.ActiveCfg = Release|Any CPU
		{585653BD-1EA1-4950-AD16-EC0633BB8EB5}.Release|Any CPU.Build.0 = Release|Any CPU
		{556D40E9-1F3B-40AB-909F-060FECFCE109}.Debug|Any CPU.ActiveCfg = Debug|Any CPU
		{556D40E9-1F3B-40AB-909F-060FECFCE109}.Debug|Any CPU.Build.0 = Debug|Any CPU
		{556D40E9-1F3B-40AB-909F-060FECFCE109}.Release|Any CPU.ActiveCfg = Release|Any CPU
		{556D40E9-1F3B-40AB-909F-060FECFCE109}.Release|Any CPU.Build.0 = Release|Any CPU
		{3B392152-D211-4E2A-A1FE-00189C0C26AD}.Debug|Any CPU.ActiveCfg = Debug|Any CPU
		{3B392152-D211-4E2A-A1FE-00189C0C26AD}.Debug|Any CPU.Build.0 = Debug|Any CPU
		{3B392152-D211-4E2A-A1FE-00189C0C26AD}.Release|Any CPU.ActiveCfg = Release|Any CPU
		{3B392152-D211-4E2A-A1FE-00189C0C26AD}.Release|Any CPU.Build.0 = Release|Any CPU
		{FF81A90F-2788-4D99-ADFB-5E3A8FC52691}.Debug|Any CPU.ActiveCfg = Debug|Any CPU
		{FF81A90F-2788-4D99-ADFB-5E3A8FC52691}.Debug|Any CPU.Build.0 = Debug|Any CPU
		{FF81A90F-2788-4D99-ADFB-5E3A8FC52691}.Release|Any CPU.ActiveCfg = Release|Any CPU
		{FF81A90F-2788-4D99-ADFB-5E3A8FC52691}.Release|Any CPU.Build.0 = Release|Any CPU
		{169EF564-F9AB-4D85-99AB-A526AC16421A}.Debug|Any CPU.ActiveCfg = Debug|Any CPU
		{169EF564-F9AB-4D85-99AB-A526AC16421A}.Debug|Any CPU.Build.0 = Debug|Any CPU
		{169EF564-F9AB-4D85-99AB-A526AC16421A}.Release|Any CPU.ActiveCfg = Release|Any CPU
		{169EF564-F9AB-4D85-99AB-A526AC16421A}.Release|Any CPU.Build.0 = Release|Any CPU
		{5AB9A6B6-B144-41B5-98E8-B8E48934B089}.Debug|Any CPU.ActiveCfg = Debug|Any CPU
		{5AB9A6B6-B144-41B5-98E8-B8E48934B089}.Debug|Any CPU.Build.0 = Debug|Any CPU
		{5AB9A6B6-B144-41B5-98E8-B8E48934B089}.Release|Any CPU.ActiveCfg = Release|Any CPU
		{5AB9A6B6-B144-41B5-98E8-B8E48934B089}.Release|Any CPU.Build.0 = Release|Any CPU
		{89EB05F3-404B-48F6-8672-74885C879BC2}.Debug|Any CPU.ActiveCfg = Debug|Any CPU
		{89EB05F3-404B-48F6-8672-74885C879BC2}.Debug|Any CPU.Build.0 = Debug|Any CPU
		{89EB05F3-404B-48F6-8672-74885C879BC2}.Release|Any CPU.ActiveCfg = Release|Any CPU
		{89EB05F3-404B-48F6-8672-74885C879BC2}.Release|Any CPU.Build.0 = Release|Any CPU
		{95501D8E-B6F7-4332-A1B1-16158F243EAE}.Debug|Any CPU.ActiveCfg = Debug|Any CPU
		{95501D8E-B6F7-4332-A1B1-16158F243EAE}.Debug|Any CPU.Build.0 = Debug|Any CPU
		{95501D8E-B6F7-4332-A1B1-16158F243EAE}.Release|Any CPU.ActiveCfg = Release|Any CPU
		{95501D8E-B6F7-4332-A1B1-16158F243EAE}.Release|Any CPU.Build.0 = Release|Any CPU
	EndGlobalSection
	GlobalSection(SolutionProperties) = preSolution
		HideSolutionNode = FALSE
	EndGlobalSection
	GlobalSection(NestedProjects) = preSolution
		{5CDB1949-62F3-4253-BAEA-93BE3CEE441B} = {866FD197-F891-4D45-9005-C3A1F823A76E}
		{D444970D-D156-4D92-9778-041643909E72} = {866FD197-F891-4D45-9005-C3A1F823A76E}
		{708FEE82-CB2F-49A4-AC88-5B424DD2279A} = {866FD197-F891-4D45-9005-C3A1F823A76E}
		{585653BD-1EA1-4950-AD16-EC0633BB8EB5} = {866FD197-F891-4D45-9005-C3A1F823A76E}
		{3B392152-D211-4E2A-A1FE-00189C0C26AD} = {CBA05720-48BE-43B0-BA10-4D09DCF518A7}
		{FF81A90F-2788-4D99-ADFB-5E3A8FC52691} = {CBA05720-48BE-43B0-BA10-4D09DCF518A7}
		{169EF564-F9AB-4D85-99AB-A526AC16421A} = {CBA05720-48BE-43B0-BA10-4D09DCF518A7}
		{5AB9A6B6-B144-41B5-98E8-B8E48934B089} = {CBA05720-48BE-43B0-BA10-4D09DCF518A7}
	EndGlobalSection
	GlobalSection(ExtensibilityGlobals) = postSolution
		SolutionGuid = {FC29D880-921C-438F-935F-64545D185586}
	EndGlobalSection
EndGlobal
